{
    "version": 3,
    "terraform_version": "0.11.13",
    "serial": 12,
    "lineage": "69346568-a80b-db16-0a56-708d5d1af1dc",
    "modules": [
        {
            "path": [
                "root"
            ],
            "outputs": {
                "ip": {
                    "sensitive": false,
                    "type": "string",
                    "value": "35.247.26.79"
                }
            },
            "resources": {
                "google_bigquery_dataset.default": {
                    "type": "google_bigquery_dataset",
                    "depends_on": [],
                    "primary": {
                        "id": "x-pivot-241800:Dataset_1",
                        "attributes": {
                            "access.#": "4",
                            "access.1555240826.domain": "",
                            "access.1555240826.group_by_email": "",
                            "access.1555240826.role": "READER",
                            "access.1555240826.special_group": "projectReaders",
                            "access.1555240826.user_by_email": "",
                            "access.1555240826.view.#": "0",
                            "access.2442110412.domain": "",
                            "access.2442110412.group_by_email": "",
                            "access.2442110412.role": "WRITER",
                            "access.2442110412.special_group": "projectWriters",
                            "access.2442110412.user_by_email": "",
                            "access.2442110412.view.#": "0",
                            "access.2889351701.domain": "",
                            "access.2889351701.group_by_email": "",
                            "access.2889351701.role": "OWNER",
                            "access.2889351701.special_group": "projectOwners",
                            "access.2889351701.user_by_email": "",
                            "access.2889351701.view.#": "0",
                            "access.4124323542.domain": "",
                            "access.4124323542.group_by_email": "",
                            "access.4124323542.role": "OWNER",
                            "access.4124323542.special_group": "",
                            "access.4124323542.user_by_email": "656942983367-compute@developer.gserviceaccount.com",
                            "access.4124323542.view.#": "0",
                            "creation_time": "1558927560324",
                            "dataset_id": "Dataset_1",
                            "default_partition_expiration_ms": "0",
                            "default_table_expiration_ms": "3600000",
                            "description": "Dataset de prueba",
                            "etag": "sPZ+tnCYpBkN62BGoSoV1g==",
                            "friendly_name": "test",
                            "id": "x-pivot-241800:Dataset_1",
                            "labels.%": "1",
                            "labels.env": "default",
                            "last_modified_time": "1558927560324",
                            "location": "EU",
                            "project": "x-pivot-241800",
                            "self_link": "https://www.googleapis.com/bigquery/v2/projects/x-pivot-241800/datasets/Dataset_1"
                        },
                        "meta": {},
                        "tainted": false
                    },
                    "deposed": [],
                    "provider": "provider.google"
                },
                "google_bigquery_table.default": {
                    "type": "google_bigquery_table",
                    "depends_on": [
                        "google_bigquery_dataset.default"
                    ],
                    "primary": {
                        "id": "x-pivot-241800:Dataset_1.Personas",
                        "attributes": {
                            "creation_time": "1558927562024",
                            "dataset_id": "Dataset_1",
                            "description": "",
                            "etag": "4ltzezx449qbFJAWpzf50A==",
                            "expiration_time": "1558931162024",
                            "friendly_name": "",
                            "id": "x-pivot-241800:Dataset_1.Personas",
                            "labels.%": "1",
                            "labels.env": "default",
                            "last_modified_time": "1558927562359",
                            "location": "EU",
                            "num_bytes": "0",
                            "num_long_term_bytes": "0",
                            "num_rows": "0",
                            "project": "x-pivot-241800",
                            "schema": "[{\"description\":\"Nombre\",\"mode\":\"NULLABLE\",\"name\":\"nombre\",\"type\":\"STRING\"},{\"description\":\"Edad\",\"mode\":\"NULLABLE\",\"name\":\"edad\",\"type\":\"INTEGER\"},{\"description\":\"Sexo\",\"mode\":\"NULLABLE\",\"name\":\"sexo\",\"type\":\"STRING\"},{\"description\":\"Estatura\",\"mode\":\"NULLABLE\",\"name\":\"estatura\",\"type\":\"FLOAT\"},{\"description\":\"Peso\",\"mode\":\"NULLABLE\",\"name\":\"peso\",\"type\":\"FLOAT\"}]",
                            "self_link": "https://www.googleapis.com/bigquery/v2/projects/x-pivot-241800/datasets/Dataset_1/tables/Personas",
                            "table_id": "Personas",
                            "time_partitioning.#": "1",
                            "time_partitioning.0.expiration_ms": "0",
                            "time_partitioning.0.field": "",
                            "time_partitioning.0.require_partition_filter": "false",
                            "time_partitioning.0.type": "DAY",
                            "type": "TABLE"
                        },
                        "meta": {},
                        "tainted": false
                    },
                    "deposed": [],
                    "provider": "provider.google"
                },
                "google_compute_firewall.default": {
                    "type": "google_compute_firewall",
                    "depends_on": [],
                    "primary": {
                        "id": "flask-app-firewall",
                        "attributes": {
                            "allow.#": "1",
                            "allow.1700833197.ports.#": "1",
                            "allow.1700833197.ports.0": "5000",
                            "allow.1700833197.protocol": "tcp",
                            "creation_timestamp": "2019-05-26T18:05:54.675-07:00",
                            "deny.#": "0",
                            "description": "",
                            "destination_ranges.#": "0",
                            "direction": "INGRESS",
                            "disabled": "false",
                            "id": "flask-app-firewall",
                            "name": "flask-app-firewall",
                            "network": "https://www.googleapis.com/compute/v1/projects/x-pivot-241800/global/networks/default",
                            "priority": "1000",
                            "project": "x-pivot-241800",
                            "self_link": "https://www.googleapis.com/compute/v1/projects/x-pivot-241800/global/firewalls/flask-app-firewall",
                            "source_ranges.#": "1",
                            "source_ranges.1080289494": "0.0.0.0/0",
                            "source_service_accounts.#": "0",
                            "source_tags.#": "0",
                            "target_service_accounts.#": "0",
                            "target_tags.#": "0"
                        },
                        "meta": {
                            "e2bfb730-ecaa-11e6-8f88-34363bc7c4c0": {
                                "create": 240000000000,
                                "delete": 240000000000,
                                "update": 240000000000
                            },
                            "schema_version": "1"
                        },
                        "tainted": false
                    },
                    "deposed": [],
                    "provider": "provider.google"
                },
                "google_compute_instance.default": {
                    "type": "google_compute_instance",
                    "depends_on": [
                        "random_id.instance_id"
                    ],
                    "primary": {
                        "id": "flask-vm-e38d2105c509a7e9",
                        "attributes": {
                            "attached_disk.#": "0",
                            "boot_disk.#": "1",
                            "boot_disk.0.auto_delete": "true",
                            "boot_disk.0.device_name": "persistent-disk-0",
                            "boot_disk.0.disk_encryption_key_raw": "",
                            "boot_disk.0.disk_encryption_key_sha256": "",
                            "boot_disk.0.initialize_params.#": "1",
                            "boot_disk.0.initialize_params.0.image": "https://www.googleapis.com/compute/v1/projects/ubuntu-os-cloud/global/images/ubuntu-1804-bionic-v20190514",
                            "boot_disk.0.initialize_params.0.size": "10",
                            "boot_disk.0.initialize_params.0.type": "pd-standard",
                            "boot_disk.0.kms_key_self_link": "",
                            "boot_disk.0.source": "https://www.googleapis.com/compute/v1/projects/x-pivot-241800/zones/us-west1-a/disks/flask-vm-e38d2105c509a7e9",
                            "can_ip_forward": "false",
                            "cpu_platform": "Intel Broadwell",
                            "deletion_protection": "false",
                            "guest_accelerator.#": "0",
                            "hostname": "",
                            "id": "flask-vm-e38d2105c509a7e9",
                            "instance_id": "1609086366938205133",
                            "label_fingerprint": "42WmSpB8rSM=",
                            "labels.%": "0",
                            "machine_type": "n1-standard-8",
                            "metadata.%": "1",
                            "metadata.sshKeys": "matias:ssh-rsa AAAAB3NzaC1yc2EAAAADAQABAAABAQC31IDGgZtCnHb5wxfsBpIs57rFiyCqp5nIJBEbOtYu0R7oKXG4L6Zq0SmZ7zefky2jbx3D1YwbMCh3n+TnkL5oSqDh8Yy4+euGfwE5BSySW3a5byN7AfDg56t8PMJ+LHhZSbbnPNQICHUlqPnfWQFh8w74/4H5m2HH0Rd+Gbgx/gmhz6Il8zRpY5CvGUy40wq5iBScRBHiR0TnUTEuDT7rQBrvEFA2FK9Ehnb76JXOOnW3CeG4VqNfu0AVRdHOLW05xWGeVW6qzmBs5XdchuIcQnvelBQPjeETZFwRV004955nhem8SHmD5JTpgWeiKx/Rf05bni7iwBcBD23z9YkD matias\n",
                            "metadata_fingerprint": "H_MEBoh538I=",
                            "metadata_startup_script": "sudo apt-get update; sudo apt-get install -yq build-essential python-pip rsync; pip install flask",
                            "min_cpu_platform": "",
                            "name": "flask-vm-e38d2105c509a7e9",
                            "network_interface.#": "1",
                            "network_interface.0.access_config.#": "1",
                            "network_interface.0.access_config.0.assigned_nat_ip": "",
                            "network_interface.0.access_config.0.nat_ip": "35.247.26.79",
                            "network_interface.0.access_config.0.network_tier": "PREMIUM",
                            "network_interface.0.access_config.0.public_ptr_domain_name": "",
                            "network_interface.0.address": "",
                            "network_interface.0.alias_ip_range.#": "0",
                            "network_interface.0.name": "nic0",
                            "network_interface.0.network": "https://www.googleapis.com/compute/v1/projects/x-pivot-241800/global/networks/default",
                            "network_interface.0.network_ip": "10.138.0.5",
                            "network_interface.0.subnetwork": "https://www.googleapis.com/compute/v1/projects/x-pivot-241800/regions/us-west1/subnetworks/default",
                            "network_interface.0.subnetwork_project": "x-pivot-241800",
                            "project": "x-pivot-241800",
                            "scheduling.#": "1",
                            "scheduling.0.automatic_restart": "true",
                            "scheduling.0.node_affinities.#": "0",
                            "scheduling.0.on_host_maintenance": "MIGRATE",
                            "scheduling.0.preemptible": "false",
                            "scratch_disk.#": "0",
                            "self_link": "https://www.googleapis.com/compute/v1/projects/x-pivot-241800/zones/us-west1-a/instances/flask-vm-e38d2105c509a7e9",
                            "service_account.#": "0",
                            "shielded_instance_config.#": "0",
                            "tags.#": "0",
                            "tags_fingerprint": "42WmSpB8rSM=",
                            "zone": "us-west1-a"
                        },
                        "meta": {
                            "e2bfb730-ecaa-11e6-8f88-34363bc7c4c0": {
                                "create": 360000000000,
                                "delete": 360000000000,
                                "update": 360000000000
                            },
                            "schema_version": "6"
                        },
                        "tainted": false
                    },
                    "deposed": [],
                    "provider": "provider.google"
                },
                "random_id.instance_id": {
                    "type": "random_id",
                    "depends_on": [],
                    "primary": {
                        "id": "440hBcUJp-k",
                        "attributes": {
                            "b64": "440hBcUJp-k",
                            "b64_std": "440hBcUJp+k=",
                            "b64_url": "440hBcUJp-k",
                            "byte_length": "8",
                            "dec": "16396798126990141417",
                            "hex": "e38d2105c509a7e9",
                            "id": "440hBcUJp-k"
                        },
                        "meta": {},
                        "tainted": false
                    },
                    "deposed": [],
                    "provider": "provider.random"
                }
            },
            "depends_on": []
        }
    ]
}
